# THIS IS AN AUTOGENERATED FILE. DO NOT EDIT THIS FILE DIRECTLY.
# yarn lockfile v1


verdaccio-library@^1.0.0:
  version "1.0.0"
  resolved "http://localhost:4873/verdaccio-library/-/verdaccio-library-1.0.0.tgz#df250859776ab4de4819e73f7b9dd3aa7045d5e7"
  integrity sha512-8HrtOowegjLQ5rgNQzfRBRdRUiOiTxxdQgg1Sul9gBEWgsEAdDwFsG5wkW6RPp/qJqKf53wxdzb8kYaCj7aP7A==
